// !$*UTF8*$!
{
	archiveVersion = 1;
	classes = {
	};
	objectVersion = 50;
	objects = {

/* Begin PBXBuildFile section */
		F294A2D224095CEE009228FA /* AppDelegate.m in Sources */ = {isa = PBXBuildFile; fileRef = F294A2D124095CEE009228FA /* AppDelegate.m */; };
		F294A2D524095CEE009228FA /* SceneDelegate.m in Sources */ = {isa = PBXBuildFile; fileRef = F294A2D424095CEE009228FA /* SceneDelegate.m */; };
		F294A2D824095CEE009228FA /* ViewController.m in Sources */ = {isa = PBXBuildFile; fileRef = F294A2D724095CEE009228FA /* ViewController.m */; };
		F294A2DB24095CEE009228FA /* Main.storyboard in Resources */ = {isa = PBXBuildFile; fileRef = F294A2D924095CEE009228FA /* Main.storyboard */; };
		F294A2DD24095CF0009228FA /* Assets.xcassets in Resources */ = {isa = PBXBuildFile; fileRef = F294A2DC24095CF0009228FA /* Assets.xcassets */; };
		F294A2E024095CF0009228FA /* LaunchScreen.storyboard in Resources */ = {isa = PBXBuildFile; fileRef = F294A2DE24095CF0009228FA /* LaunchScreen.storyboard */; };
		F294A2E324095CF0009228FA /* main.m in Sources */ = {isa = PBXBuildFile; fileRef = F294A2E224095CF0009228FA /* main.m */; };
/* End PBXBuildFile section */

/* Begin PBXFileReference section */
		F294A2CD24095CEE009228FA /* iOSAuidoCapture.app */ = {isa = PBXFileReference; explicitFileType = wrapper.application; includeInIndex = 0; path = iOSAuidoCapture.app; sourceTree = BUILT_PRODUCTS_DIR; };
		F294A2D024095CEE009228FA /* AppDelegate.h */ = {isa = PBXFileReference; lastKnownFileType = sourcecode.c.h; path = AppDelegate.h; sourceTree = "<group>"; };
		F294A2D124095CEE009228FA /* AppDelegate.m */ = {isa = PBXFileReference; lastKnownFileType = sourcecode.c.objc; path = AppDelegate.m; sourceTree = "<group>"; };
		F294A2D324095CEE009228FA /* SceneDelegate.h */ = {isa = PBXFileReference; lastKnownFileType = sourcecode.c.h; path = SceneDelegate.h; sourceTree = "<group>"; };
		F294A2D424095CEE009228FA /* SceneDelegate.m */ = {isa = PBXFileReference; lastKnownFileType = sourcecode.c.objc; path = SceneDelegate.m; sourceTree = "<group>"; };
		F294A2D624095CEE009228FA /* ViewController.h */ = {isa = PBXFileReference; lastKnownFileType = sourcecode.c.h; path = ViewController.h; sourceTree = "<group>"; };
		F294A2D724095CEE009228FA /* ViewController.m */ = {isa = PBXFileReference; lastKnownFileType = sourcecode.c.objc; path = ViewController.m; sourceTree = "<group>"; };
		F294A2DA24095CEE009228FA /* Base */ = {isa = PBXFileReference; lastKnownFileType = file.storyboard; name = Base; path = Base.lproj/Main.storyboard; sourceTree = "<group>"; };
		F294A2DC24095CF0009228FA /* Assets.xcassets */ = {isa = PBXFileReference; lastKnownFileType = folder.assetcatalog; path = Assets.xcassets; sourceTree = "<group>"; };
		F294A2DF24095CF0009228FA /* Base */ = {isa = PBXFileReference; lastKnownFileType = file.storyboard; name = Base; path = Base.lproj/LaunchScreen.storyboard; sourceTree = "<group>"; };
		F294A2E124095CF0009228FA /* Info.plist */ = {isa = PBXFileReference; lastKnownFileType = text.plist.xml; path = Info.plist; sourceTree = "<group>"; };
		F294A2E224095CF0009228FA /* main.m */ = {isa = PBXFileReference; lastKnownFileType = sourcecode.c.objc; path = main.m; sourceTree = "<group>"; };
/* End PBXFileReference section */

/* Begin PBXFrameworksBuildPhase section */
		F294A2CA24095CEE009228FA /* Frameworks */ = {
			isa = PBXFrameworksBuildPhase;
			buildActionMask = 2147483647;
			files = (
			);
			runOnlyForDeploymentPostprocessing = 0;
		};
/* End PBXFrameworksBuildPhase section */

/* Begin PBXGroup section */
		F294A2C424095CEE009228FA = {
			isa = PBXGroup;
			children = (
				F294A2CF24095CEE009228FA /* iOSAuidoCapture */,
				F294A2CE24095CEE009228FA /* Products */,
			);
			sourceTree = "<group>";
		};
		F294A2CE24095CEE009228FA /* Products */ = {
			isa = PBXGroup;
			children = (
				F294A2CD24095CEE009228FA /* iOSAuidoCapture.app */,
			);
			name = Products;
			sourceTree = "<group>";
		};
		F294A2CF24095CEE009228FA /* iOSAuidoCapture */ = {
			isa = PBXGroup;
			children = (
				F294A2D024095CEE009228FA /* AppDelegate.h */,
				F294A2D124095CEE009228FA /* AppDelegate.m */,
				F294A2D324095CEE009228FA /* SceneDelegate.h */,
				F294A2D424095CEE009228FA /* SceneDelegate.m */,
				F294A2D624095CEE009228FA /* ViewController.h */,
				F294A2D724095CEE009228FA /* ViewController.m */,
				F294A2D924095CEE009228FA /* Main.storyboard */,
				F294A2DC24095CF0009228FA /* Assets.xcassets */,
				F294A2DE24095CF0009228FA /* LaunchScreen.storyboard */,
				F294A2E124095CF0009228FA /* Info.plist */,
				F294A2E224095CF0009228FA /* main.m */,
			);
			path = iOSAuidoCapture;
			sourceTree = "<group>";
		};
/* End PBXGroup section */

/* Begin PBXNativeTarget section */
		F294A2CC24095CEE009228FA /* iOSAuidoCapture */ = {
			isa = PBXNativeTarget;
			buildConfigurationList = F294A2E624095CF0009228FA /* Build configuration list for PBXNativeTarget "iOSAuidoCapture" */;
			buildPhases = (
				F294A2C924095CEE009228FA /* Sources */,
				F294A2CA24095CEE009228FA /* Frameworks */,
				F294A2CB24095CEE009228FA /* Resources */,
			);
			buildRules = (
			);
			dependencies = (
			);
			name = iOSAuidoCapture;
			productName = iOSAuidoCapture;
			productReference = F294A2CD24095CEE009228FA /* iOSAuidoCapture.app */;
			productType = "com.apple.product-type.application";
		};
/* End PBXNativeTarget section */

/* Begin PBXProject section */
		F294A2C524095CEE009228FA /* Project object */ = {
			isa = PBXProject;
			attributes = {
				LastUpgradeCheck = 1100;
				ORGANIZATIONNAME = "韩力";
				TargetAttributes = {
					F294A2CC24095CEE009228FA = {
						CreatedOnToolsVersion = 11.0;
					};
				};
			};
			buildConfigurationList = F294A2C824095CEE009228FA /* Build configuration list for PBXProject "iOSAuidoCapture" */;
			compatibilityVersion = "Xcode 9.3";
			developmentRegion = en;
			hasScannedForEncodings = 0;
			knownRegions = (
				en,
				Base,
			);
			mainGroup = F294A2C424095CEE009228FA;
			productRefGroup = F294A2CE24095CEE009228FA /* Products */;
			projectDirPath = "";
			projectRoot = "";
			targets = (
				F294A2CC24095CEE009228FA /* iOSAuidoCapture */,
			);
		};
/* End PBXProject section */

/* Begin PBXResourcesBuildPhase section */
		F294A2CB24095CEE009228FA /* Resources */ = {
			isa = PBXResourcesBuildPhase;
			buildActionMask = 2147483647;
			files = (
				F294A2E024095CF0009228FA /* LaunchScreen.storyboard in Resources */,
				F294A2DD24095CF0009228FA /* Assets.xcassets in Resources */,
				F294A2DB24095CEE009228FA /* Main.storyboard in Resources */,
			);
			runOnlyForDeploymentPostprocessing = 0;
		};
/* End PBXResourcesBuildPhase section */

/* Begin PBXSourcesBuildPhase section */
		F294A2C924095CEE009228FA /* Sources */ = {
			isa = PBXSourcesBuildPhase;
			buildActionMask = 2147483647;
			files = (
				F294A2D824095CEE009228FA /* ViewController.m in Sources */,
				F294A2D224095CEE009228FA /* AppDelegate.m in Sources */,
				F294A2E324095CF0009228FA /* main.m in Sources */,
				F294A2D524095CEE009228FA /* SceneDelegate.m in Sources */,
			);
			runOnlyForDeploymentPostprocessing = 0;
		};
/* End PBXSourcesBuildPhase section */

/* Begin PBXVariantGroup section */
		F294A2D924095CEE009228FA /* Main.storyboard */ = {
			isa = PBXVariantGroup;
			children = (
				F294A2DA24095CEE009228FA /* Base */,
			);
			name = Main.storyboard;
			sourceTree = "<group>";
		};
		F294A2DE24095CF0009228FA /* LaunchScreen.storyboard */ = {
			isa = PBXVariantGroup;
			children = (
				F294A2DF24095CF0009228FA /* Base */,
			);
			name = LaunchScreen.storyboard;
			sourceTree = "<group>";
		};
/* End PBXVariantGroup section */

/* Begin XCBuildConfiguration section */
		F294A2E424095CF0009228FA /* Debug */ = {
			isa = XCBuildConfiguration;
			buildSettings = {
				ALWAYS_SEARCH_USER_PATHS = NO;
				CLANG_ANALYZER_NONNULL = YES;
				CLANG_ANALYZER_NUMBER_OBJECT_CONVERSION = YES_AGGRESSIVE;
				CLANG_CXX_LANGUAGE_STANDARD = "gnu++14";
				CLANG_CXX_LIBRARY = "libc++";
				CLANG_ENABLE_MODULES = YES;
				CLANG_ENABLE_OBJC_ARC = YES;
				CLANG_ENABLE_OBJC_WEAK = YES;
				CLANG_WARN_BLOCK_CAPTURE_AUTORELEASING = YES;
				CLANG_WARN_BOOL_CONVERSION = YES;
				CLANG_WARN_COMMA = YES;
				CLANG_WARN_CONSTANT_CONVERSION = YES;
				CLANG_WARN_DEPRECATED_OBJC_IMPLEMENTATIONS = YES;
				CLANG_WARN_DIRECT_OBJC_ISA_USAGE = YES_ERROR;
				CLANG_WARN_DOCUMENTATION_COMMENTS = YES;
				CLANG_WARN_EMPTY_BODY = YES;
				CLANG_WARN_ENUM_CONVERSION = YES;
				CLANG_WARN_INFINITE_RECURSION = YES;
				CLANG_WARN_INT_CONVERSION = YES;
				CLANG_WARN_NON_LITERAL_NULL_CONVERSION = YES;
				CLANG_WARN_OBJC_IMPLICIT_RETAIN_SELF = YES;
				CLANG_WARN_OBJC_LITERAL_CONVERSION = YES;
				CLANG_WARN_OBJC_ROOT_CLASS = YES_ERROR;
				CLANG_WARN_RANGE_LOOP_ANALYSIS = YES;
				CLANG_WARN_STRICT_PROTOTYPES = YES;
				CLANG_WARN_SUSPICIOUS_MOVE = YES;
				CLANG_WARN_UNGUARDED_AVAILABILITY = YES_AGGRESSIVE;
				CLANG_WARN_UNREACHABLE_CODE = YES;
				CLANG_WARN__DUPLICATE_METHOD_MATCH = YES;
				COPY_PHASE_STRIP = NO;
				DEBUG_INFORMATION_FORMAT = dwarf;
				ENABLE_STRICT_OBJC_MSGSEND = YES;
				ENABLE_TESTABILITY = YES;
				GCC_C_LANGUAGE_STANDARD = gnu11;
				GCC_DYNAMIC_NO_PIC = NO;
				GCC_NO_COMMON_BLOCKS = YES;
				GCC_OPTIMIZATION_LEVEL = 0;
				GCC_PREPROCESSOR_DEFINITIONS = (
					"DEBUG=1",
					"$(inherited)",
				);
				GCC_WARN_64_TO_32_BIT_CONVERSION = YES;
				GCC_WARN_ABOUT_RETURN_TYPE = YES_ERROR;
				GCC_WARN_UNDECLARED_SELECTOR = YES;
				GCC_WARN_UNINITIALIZED_AUTOS = YES_AGGRESSIVE;
				GCC_WARN_UNUSED_FUNCTION = YES;
				GCC_WARN_UNUSED_VARIABLE = YES;
				IPHONEOS_DEPLOYMENT_TARGET = 13.0;
				MTL_ENABLE_DEBUG_INFO = INCLUDE_SOURCE;
				MTL_FAST_MATH = YES;
				ONLY_ACTIVE_ARCH = YES;
				SDKROOT = iphoneos;
			};
			name = Debug;
		};
		F294A2E524095CF0009228FA /* Release */ = {
			isa = XCBuildConfiguration;
			buildSettings = {
				ALWAYS_SEARCH_USER_PATHS = NO;
				CLANG_ANALYZER_NONNULL = YES;
				CLANG_ANALYZER_NUMBER_OBJECT_CONVERSION = YES_AGGRESSIVE;
				CLANG_CXX_LANGUAGE_STANDARD = "gnu++14";
				CLANG_CXX_LIBRARY = "libc++";
				CLANG_ENABLE_MODULES = YES;
				CLANG_ENABLE_OBJC_ARC = YES;
				CLANG_ENABLE_OBJC_WEAK = YES;
				CLANG_WARN_BLOCK_CAPTURE_AUTORELEASING = YES;
				CLANG_WARN_BOOL_CONVERSION = YES;
				CLANG_WARN_COMMA = YES;
				CLANG_WARN_CONSTANT_CONVERSION = YES;
				CLANG_WARN_DEPRECATED_OBJC_IMPLEMENTATIONS = YES;
				CLANG_WARN_DIRECT_OBJC_ISA_USAGE = YES_ERROR;
				CLANG_WARN_DOCUMENTATION_COMMENTS = YES;
				CLANG_WARN_EMPTY_BODY = YES;
				CLANG_WARN_ENUM_CONVERSION = YES;
				CLANG_WARN_INFINITE_RECURSION = YES;
				CLANG_WARN_INT_CONVERSION = YES;
				CLANG_WARN_NON_LITERAL_NULL_CONVERSION = YES;
				CLANG_WARN_OBJC_IMPLICIT_RETAIN_SELF = YES;
				CLANG_WARN_OBJC_LITERAL_CONVERSION = YES;
				CLANG_WARN_OBJC_ROOT_CLASS = YES_ERROR;
				CLANG_WARN_RANGE_LOOP_ANALYSIS = YES;
				CLANG_WARN_STRICT_PROTOTYPES = YES;
				CLANG_WARN_SUSPICIOUS_MOVE = YES;
				CLANG_WARN_UNGUARDED_AVAILABILITY = YES_AGGRESSIVE;
				CLANG_WARN_UNREACHABLE_CODE = YES;
				CLANG_WARN__DUPLICATE_METHOD_MATCH = YES;
				COPY_PHASE_STRIP = NO;
				DEBUG_INFORMATION_FORMAT = "dwarf-with-dsym";
				ENABLE_NS_ASSERTIONS = NO;
				ENABLE_STRICT_OBJC_MSGSEND = YES;
				GCC_C_LANGUAGE_STANDARD = gnu11;
				GCC_NO_COMMON_BLOCKS = YES;
				GCC_WARN_64_TO_32_BIT_CONVERSION = YES;
				GCC_WARN_ABOUT_RETURN_TYPE = YES_ERROR;
				GCC_WARN_UNDECLARED_SELECTOR = YES;
				GCC_WARN_UNINITIALIZED_AUTOS = YES_AGGRESSIVE;
				GCC_WARN_UNUSED_FUNCTION = YES;
				GCC_WARN_UNUSED_VARIABLE = YES;
				IPHONEOS_DEPLOYMENT_TARGET = 13.0;
				MTL_ENABLE_DEBUG_INFO = NO;
				MTL_FAST_MATH = YES;
				SDKROOT = iphoneos;
				VALIDATE_PRODUCT = YES;
			};
			name = Release;
		};
		F294A2E724095CF0009228FA /* Debug */ = {
			isa = XCBuildConfiguration;
			buildSettings = {
				ASSETCATALOG_COMPILER_APPICON_NAME = AppIcon;
				CODE_SIGN_STYLE = Automatic;
				DEVELOPMENT_TEAM = V2AB6LR932;
				INFOPLIST_FILE = iOSAuidoCapture/Info.plist;
				LD_RUNPATH_SEARCH_PATHS = (
					"$(inherited)",
					"@executable_path/Frameworks",
				);
				PRODUCT_BUNDLE_IDENTIFIER = hanli.iOSAuidoCapture;
				PRODUCT_NAME = "$(TARGET_NAME)";
				TARGETED_DEVICE_FAMILY = "1,2";
			};
			name = Debug;
		};
		F294A2E824095CF0009228FA /* Release */ = {
			isa = XCBuildConfiguration;
			buildSettings = {
				ASSETCATALOG_COMPILER_APPICON_NAME = AppIcon;
				CODE_SIGN_STYLE = Automatic;
				DEVELOPMENT_TEAM = V2AB6LR932;
				INFOPLIST_FILE = iOSAuidoCapture/Info.plist;
				LD_RUNPATH_SEARCH_PATHS = (
					"$(inherited)",
					"@executable_path/Frameworks",
				);
				PRODUCT_BUNDLE_IDENTIFIER = hanli.iOSAuidoCapture;
				PRODUCT_NAME = "$(TARGET_NAME)";
				TARGETED_DEVICE_FAMILY = "1,2";
			};
			name = Release;
		};
/* End XCBuildConfiguration section */

/* Begin XCConfigurationList section */
		F294A2C824095CEE009228FA /* Build configuration list for PBXProject "iOSAuidoCapture" */ = {
			isa = XCConfigurationList;
			buildConfigurations = (
				F294A2E424095CF0009228FA /* Debug */,
				F294A2E524095CF0009228FA /* Release */,
			);
			defaultConfigurationIsVisible = 0;
			defaultConfigurationName = Release;
		};
		F294A2E624095CF0009228FA /* Build configuration list for PBXNativeTarget "iOSAuidoCapture" */ = {
			isa = XCConfigurationList;
			buildConfigurations = (
				F294A2E724095CF0009228FA /* Debug */,
				F294A2E824095CF0009228FA /* Release */,
			);
			defaultConfigurationIsVisible = 0;
			defaultConfigurationName = Release;
		};
/* End XCConfigurationList section */
	};
	rootObject = F294A2C524095CEE009228FA /* Project object */;
}
